
Microsoft Visual Studio Solution File, Format Version 12.00
# Visual Studio Version 17
VisualStudioVersion = 17.3.32819.101
MinimumVisualStudioVersion = 10.0.40219.1
Project("{2150E333-8FDC-42A3-9474-1A3956D46DE8}") = "clase-1", "clase-1", "{0DFA08F4-B9AE-407A-BEA1-409C48CF63D8}"
EndProject
Project("{9A19103F-16F7-4668-BE54-9A1E7A4F7556}") = "clase1-ejercicio1", "clase1-ejercicio1\clase1-ejercicio1.csproj", "{F5122719-1B4C-4FC4-BE38-915E6CB089E5}"
EndProject
Project("{9A19103F-16F7-4668-BE54-9A1E7A4F7556}") = "clase1-ejercicio0", "clase1-ejercicio0\clase1-ejercicio0.csproj", "{E9A7DA1E-AEDE-40FE-A354-6D788FF99605}"
EndProject
Project("{9A19103F-16F7-4668-BE54-9A1E7A4F7556}") = "clase1-ejercicio2", "clase1-ejercicio2\clase1-ejercicio2.csproj", "{F55EB720-7459-4925-B207-F71BD628399C}"
EndProject
Project("{9A19103F-16F7-4668-BE54-9A1E7A4F7556}") = "clase1-ejercicio3", "clase1-ejercicio3\clase1-ejercicio3.csproj", "{F0598037-8FB1-42C9-A669-8EFE5F06323C}"
EndProject
Project("{9A19103F-16F7-4668-BE54-9A1E7A4F7556}") = "clase1-ejercicio4", "clase1-ejercicio4\clase1-ejercicio4.csproj", "{B0BE5769-B456-4740-8CA9-5B3A5DC7CA7D}"
EndProject
Project("{9A19103F-16F7-4668-BE54-9A1E7A4F7556}") = "clase1-ejercicio3.1", "clase1-ejercicio3.1\clase1-ejercicio3.1.csproj", "{C3F43682-CD53-4138-9A78-8E8C51FA0798}"
EndProject
Project("{2150E333-8FDC-42A3-9474-1A3956D46DE8}") = "clase-2", "clase-2", "{9CE8031E-DA0A-4F1B-A8B0-BCEDFD8E9186}"
EndProject
Project("{9A19103F-16F7-4668-BE54-9A1E7A4F7556}") = "clase2-ejercicio1", "clase2-ejercicio1\clase2-ejercicio1.csproj", "{41450EA8-6F0A-4756-8912-49BF2B2D78F9}"
EndProject
Project("{9A19103F-16F7-4668-BE54-9A1E7A4F7556}") = "clase2-sello", "clase2-sello\clase2-sello.csproj", "{9F84D040-44E6-4DC7-A9FD-5D6C0662BECA}"
EndProject
Project("{9A19103F-16F7-4668-BE54-9A1E7A4F7556}") = "clase2-sello1", "clase2-sello1\clase2-sello1.csproj", "{58ED3E78-6911-4BD6-8739-42AAF5E69E64}"
EndProject
Project("{9A19103F-16F7-4668-BE54-9A1E7A4F7556}") = "clase2-sello2", "clase2-sello2\clase2-sello2.csproj", "{05139FD1-589F-4ED2-8473-28C255B49C10}"
EndProject
Project("{9A19103F-16F7-4668-BE54-9A1E7A4F7556}") = "clase2-calculadora", "clase2-calculadora\clase2-calculadora.csproj", "{794B4CCC-1E95-4297-81ED-98A1B9EB8C76}"
EndProject
Project("{9A19103F-16F7-4668-BE54-9A1E7A4F7556}") = "clase2-tablas", "clase2-tablas\clase2-tablas.csproj", "{E7194236-CBC0-4CC7-B6D2-A0478597E9FF}"
EndProject
Project("{9A19103F-16F7-4668-BE54-9A1E7A4F7556}") = "clase2-CalculadoraDeArea", "clase2-CalculadoraDeArea\clase2-CalculadoraDeArea.csproj", "{1C555FD3-E761-4DEE-9C71-86D3FC75125F}"
EndProject
Project("{9A19103F-16F7-4668-BE54-9A1E7A4F7556}") = "clase2-pitagorasOrgulloso", "clase2-pitagorasOrgulloso\clase2-pitagorasOrgulloso.csproj", "{5392CED6-6980-468B-BEE4-3B3D1B185EB9}"
EndProject
Project("{9A19103F-16F7-4668-BE54-9A1E7A4F7556}") = "clase2-ElTiempoPasa", "clase2-ElTiempoPasa\clase2-ElTiempoPasa.csproj", "{2E4FE522-ED90-4D42-A474-DEACB8EB20AF}"
EndProject
Project("{2150E333-8FDC-42A3-9474-1A3956D46DE8}") = "clase-3", "clase-3", "{EE9FD519-EBB8-4641-9822-728428A0E46D}"
EndProject
Project("{9A19103F-16F7-4668-BE54-9A1E7A4F7556}") = "clase3-ejercicio0", "clase3-ejercicio0\clase3-ejercicio0.csproj", "{6C2CD5FD-338B-472F-86AC-372F7CBDD742}"
EndProject
Project("{9A19103F-16F7-4668-BE54-9A1E7A4F7556}") = "clase3-ejercicio1", "clase3-ejercicio1\clase3-ejercicio1.csproj", "{EB655EF1-62DC-4BB3-B502-982480342DA7}"
EndProject
Project("{9A19103F-16F7-4668-BE54-9A1E7A4F7556}") = "clase3-ejercicio0.1", "clase3-ejercicio0.1\clase3-ejercicio0.1.csproj", "{FCDE5926-BBC2-4DDD-8827-54C3A101CD29}"
EndProject
Project("{9A19103F-16F7-4668-BE54-9A1E7A4F7556}") = "Entidades", "Entidades\Entidades.csproj", "{19F248DE-094B-4DA3-944E-A596294EF827}"
EndProject
Project("{9A19103F-16F7-4668-BE54-9A1E7A4F7556}") = "clase3-ejercicio2", "clase3-ejercicio2\clase3-ejercicio2.csproj", "{A285F5DA-90AF-41EE-B373-6D63977BC7D7}"
EndProject
Project("{9A19103F-16F7-4668-BE54-9A1E7A4F7556}") = "clase3-ejercicio3", "clase3-ejercicio3\clase3-ejercicio3.csproj", "{A3ACC73C-70EA-4B5D-A593-240C7F8E42B0}"
EndProject
Project("{2150E333-8FDC-42A3-9474-1A3956D46DE8}") = "clase-4", "clase-4", "{429FC159-56E4-4222-AF04-62E8FA02F623}"
EndProject
Project("{9A19103F-16F7-4668-BE54-9A1E7A4F7556}") = "clase4-Entidades", "clase4-Entidades\clase4-Entidades.csproj", "{3274BDBC-91D7-4166-9454-DE9EF1185EC5}"
EndProject
Project("{9A19103F-16F7-4668-BE54-9A1E7A4F7556}") = "clase4-ejercicio1", "clase4-ejercicio1\clase4-ejercicio1.csproj", "{7DC997FD-690C-4EBB-BCDA-F11D7E038F50}"
EndProject
Project("{9A19103F-16F7-4668-BE54-9A1E7A4F7556}") = "clase3-ejercicio4", "clase3-ejercicio4\clase3-ejercicio4.csproj", "{B8C6A603-CDCB-406D-ABF6-4497A90A8AE8}"
EndProject
Project("{9A19103F-16F7-4668-BE54-9A1E7A4F7556}") = "clase3-ejercicio5", "clase3-ejercicio5\clase3-ejercicio5.csproj", "{051155BA-67ED-4C6B-8D79-5E9D79A3EAB7}"
EndProject
Project("{2150E333-8FDC-42A3-9474-1A3956D46DE8}") = "clase-5", "clase-5", "{467B2678-2BF8-4148-898A-973860F42B49}"
EndProject
Project("{9A19103F-16F7-4668-BE54-9A1E7A4F7556}") = "clase5-ejercicio0.0", "clase5-ejercicio0.0\clase5-ejercicio0.0.csproj", "{1C0C9079-A7B7-40DB-AA4E-79466F0A0479}"
EndProject
Project("{9A19103F-16F7-4668-BE54-9A1E7A4F7556}") = "clase5-ejercicio0.2", "clase5-ejercicio0.2\clase5-ejercicio0.2.csproj", "{8E3E2AB8-139C-4F2E-A8AE-FE16D80D0ECE}"
EndProject
Project("{9A19103F-16F7-4668-BE54-9A1E7A4F7556}") = "clase5-ejercicio0.3", "clase5-ejercicio0.3\clase5-ejercicio0.3.csproj", "{3B2FE687-AB41-4635-B269-556C10DB8340}"
EndProject
Project("{9A19103F-16F7-4668-BE54-9A1E7A4F7556}") = "clase5-ejercicio0.4", "clase5-ejercicio0.4\clase5-ejercicio0.4.csproj", "{4FE0C17F-D0C1-478F-93DA-CC2AE5E1F70B}"
EndProject
Project("{9A19103F-16F7-4668-BE54-9A1E7A4F7556}") = "clase5-ejercicio1", "clase5-ejercicio1\clase5-ejercicio1.csproj", "{1FA6E6D8-3F61-404E-9D52-98D92A0D7770}"
EndProject
Project("{9A19103F-16F7-4668-BE54-9A1E7A4F7556}") = "clase5-ejercicio2", "clase5-ejercicio2\clase5-ejercicio2.csproj", "{69116310-7BC5-45FE-8F2B-A656683CEB29}"
EndProject
Project("{9A19103F-16F7-4668-BE54-9A1E7A4F7556}") = "clase5-Entidades", "clase5-Entidades\clase5-Entidades.csproj", "{BC28F4B8-BFC3-4494-8A19-B3E7F098F26D}"
EndProject
Project("{9A19103F-16F7-4668-BE54-9A1E7A4F7556}") = "clase4-ejercicio2.1", "clase4-ejercicio2.1\clase4-ejercicio2.1.csproj", "{3C32712D-8C65-431B-88A1-B30694AEE0D3}"
EndProject
Project("{9A19103F-16F7-4668-BE54-9A1E7A4F7556}") = "clase6-ejercicio1", "clase6-ejercicio1\clase6-ejercicio1.csproj", "{BC993216-F743-46D2-B085-16C5BA7A6645}"
EndProject
Project("{2150E333-8FDC-42A3-9474-1A3956D46DE8}") = "clase-6", "clase-6", "{42A71C7B-B704-4908-9D81-AFF06C7542D0}"
EndProject
Project("{9A19103F-16F7-4668-BE54-9A1E7A4F7556}") = "clase6-ejercicio2", "clase6-ejercicio2\clase6-ejercicio2.csproj", "{25509BFE-8986-4DB5-A50F-BD0947C489AA}"
EndProject
Project("{9A19103F-16F7-4668-BE54-9A1E7A4F7556}") = "clase4-ejercicio5", "clase4-ejercicio5\clase4-ejercicio5.csproj", "{98D770FC-3B1A-4994-A2A1-7646B8B8C93E}"
EndProject
Project("{2150E333-8FDC-42A3-9474-1A3956D46DE8}") = "integradoresAnteriores", "integradoresAnteriores", "{88EE35FC-C355-4DC1-BDC2-17F5E1F17D39}"
EndProject
Project("{9A19103F-16F7-4668-BE54-9A1E7A4F7556}") = "integrador2020", "integrador2020\integrador2020.csproj", "{F623554A-B4E0-4908-8110-F320EFC73CC3}"
EndProject
Project("{FAE04EC0-301F-11D3-BF4B-00C04F79EFBC}") = "clase5-ejercicio3", "clase5-ejercicio3\clase5-ejercicio3.csproj", "{86BE3470-A42D-4F0A-B558-B6EFA6B21D44}"
EndProject
Global
	GlobalSection(SolutionConfigurationPlatforms) = preSolution
		Debug|Any CPU = Debug|Any CPU
		Release|Any CPU = Release|Any CPU
	EndGlobalSection
	GlobalSection(ProjectConfigurationPlatforms) = postSolution
		{F5122719-1B4C-4FC4-BE38-915E6CB089E5}.Debug|Any CPU.ActiveCfg = Debug|Any CPU
		{F5122719-1B4C-4FC4-BE38-915E6CB089E5}.Debug|Any CPU.Build.0 = Debug|Any CPU
		{F5122719-1B4C-4FC4-BE38-915E6CB089E5}.Release|Any CPU.ActiveCfg = Release|Any CPU
		{F5122719-1B4C-4FC4-BE38-915E6CB089E5}.Release|Any CPU.Build.0 = Release|Any CPU
		{E9A7DA1E-AEDE-40FE-A354-6D788FF99605}.Debug|Any CPU.ActiveCfg = Debug|Any CPU
		{E9A7DA1E-AEDE-40FE-A354-6D788FF99605}.Debug|Any CPU.Build.0 = Debug|Any CPU
		{E9A7DA1E-AEDE-40FE-A354-6D788FF99605}.Release|Any CPU.ActiveCfg = Release|Any CPU
		{E9A7DA1E-AEDE-40FE-A354-6D788FF99605}.Release|Any CPU.Build.0 = Release|Any CPU
		{F55EB720-7459-4925-B207-F71BD628399C}.Debug|Any CPU.ActiveCfg = Debug|Any CPU
		{F55EB720-7459-4925-B207-F71BD628399C}.Debug|Any CPU.Build.0 = Debug|Any CPU
		{F55EB720-7459-4925-B207-F71BD628399C}.Release|Any CPU.ActiveCfg = Release|Any CPU
		{F55EB720-7459-4925-B207-F71BD628399C}.Release|Any CPU.Build.0 = Release|Any CPU
		{F0598037-8FB1-42C9-A669-8EFE5F06323C}.Debug|Any CPU.ActiveCfg = Debug|Any CPU
		{F0598037-8FB1-42C9-A669-8EFE5F06323C}.Debug|Any CPU.Build.0 = Debug|Any CPU
		{F0598037-8FB1-42C9-A669-8EFE5F06323C}.Release|Any CPU.ActiveCfg = Release|Any CPU
		{F0598037-8FB1-42C9-A669-8EFE5F06323C}.Release|Any CPU.Build.0 = Release|Any CPU
		{B0BE5769-B456-4740-8CA9-5B3A5DC7CA7D}.Debug|Any CPU.ActiveCfg = Debug|Any CPU
		{B0BE5769-B456-4740-8CA9-5B3A5DC7CA7D}.Debug|Any CPU.Build.0 = Debug|Any CPU
		{B0BE5769-B456-4740-8CA9-5B3A5DC7CA7D}.Release|Any CPU.ActiveCfg = Release|Any CPU
		{B0BE5769-B456-4740-8CA9-5B3A5DC7CA7D}.Release|Any CPU.Build.0 = Release|Any CPU
		{C3F43682-CD53-4138-9A78-8E8C51FA0798}.Debug|Any CPU.ActiveCfg = Debug|Any CPU
		{C3F43682-CD53-4138-9A78-8E8C51FA0798}.Debug|Any CPU.Build.0 = Debug|Any CPU
		{C3F43682-CD53-4138-9A78-8E8C51FA0798}.Release|Any CPU.ActiveCfg = Release|Any CPU
		{C3F43682-CD53-4138-9A78-8E8C51FA0798}.Release|Any CPU.Build.0 = Release|Any CPU
		{41450EA8-6F0A-4756-8912-49BF2B2D78F9}.Debug|Any CPU.ActiveCfg = Debug|Any CPU
		{41450EA8-6F0A-4756-8912-49BF2B2D78F9}.Debug|Any CPU.Build.0 = Debug|Any CPU
		{41450EA8-6F0A-4756-8912-49BF2B2D78F9}.Release|Any CPU.ActiveCfg = Release|Any CPU
		{41450EA8-6F0A-4756-8912-49BF2B2D78F9}.Release|Any CPU.Build.0 = Release|Any CPU
		{9F84D040-44E6-4DC7-A9FD-5D6C0662BECA}.Debug|Any CPU.ActiveCfg = Debug|Any CPU
		{9F84D040-44E6-4DC7-A9FD-5D6C0662BECA}.Debug|Any CPU.Build.0 = Debug|Any CPU
		{9F84D040-44E6-4DC7-A9FD-5D6C0662BECA}.Release|Any CPU.ActiveCfg = Release|Any CPU
		{9F84D040-44E6-4DC7-A9FD-5D6C0662BECA}.Release|Any CPU.Build.0 = Release|Any CPU
		{58ED3E78-6911-4BD6-8739-42AAF5E69E64}.Debug|Any CPU.ActiveCfg = Debug|Any CPU
		{58ED3E78-6911-4BD6-8739-42AAF5E69E64}.Debug|Any CPU.Build.0 = Debug|Any CPU
		{58ED3E78-6911-4BD6-8739-42AAF5E69E64}.Release|Any CPU.ActiveCfg = Release|Any CPU
		{58ED3E78-6911-4BD6-8739-42AAF5E69E64}.Release|Any CPU.Build.0 = Release|Any CPU
		{05139FD1-589F-4ED2-8473-28C255B49C10}.Debug|Any CPU.ActiveCfg = Debug|Any CPU
		{05139FD1-589F-4ED2-8473-28C255B49C10}.Debug|Any CPU.Build.0 = Debug|Any CPU
		{05139FD1-589F-4ED2-8473-28C255B49C10}.Release|Any CPU.ActiveCfg = Release|Any CPU
		{05139FD1-589F-4ED2-8473-28C255B49C10}.Release|Any CPU.Build.0 = Release|Any CPU
		{794B4CCC-1E95-4297-81ED-98A1B9EB8C76}.Debug|Any CPU.ActiveCfg = Debug|Any CPU
		{794B4CCC-1E95-4297-81ED-98A1B9EB8C76}.Debug|Any CPU.Build.0 = Debug|Any CPU
		{794B4CCC-1E95-4297-81ED-98A1B9EB8C76}.Release|Any CPU.ActiveCfg = Release|Any CPU
		{794B4CCC-1E95-4297-81ED-98A1B9EB8C76}.Release|Any CPU.Build.0 = Release|Any CPU
		{E7194236-CBC0-4CC7-B6D2-A0478597E9FF}.Debug|Any CPU.ActiveCfg = Debug|Any CPU
		{E7194236-CBC0-4CC7-B6D2-A0478597E9FF}.Debug|Any CPU.Build.0 = Debug|Any CPU
		{E7194236-CBC0-4CC7-B6D2-A0478597E9FF}.Release|Any CPU.ActiveCfg = Release|Any CPU
		{E7194236-CBC0-4CC7-B6D2-A0478597E9FF}.Release|Any CPU.Build.0 = Release|Any CPU
		{1C555FD3-E761-4DEE-9C71-86D3FC75125F}.Debug|Any CPU.ActiveCfg = Debug|Any CPU
		{1C555FD3-E761-4DEE-9C71-86D3FC75125F}.Debug|Any CPU.Build.0 = Debug|Any CPU
		{1C555FD3-E761-4DEE-9C71-86D3FC75125F}.Release|Any CPU.ActiveCfg = Release|Any CPU
		{1C555FD3-E761-4DEE-9C71-86D3FC75125F}.Release|Any CPU.Build.0 = Release|Any CPU
		{5392CED6-6980-468B-BEE4-3B3D1B185EB9}.Debug|Any CPU.ActiveCfg = Debug|Any CPU
		{5392CED6-6980-468B-BEE4-3B3D1B185EB9}.Debug|Any CPU.Build.0 = Debug|Any CPU
		{5392CED6-6980-468B-BEE4-3B3D1B185EB9}.Release|Any CPU.ActiveCfg = Release|Any CPU
		{5392CED6-6980-468B-BEE4-3B3D1B185EB9}.Release|Any CPU.Build.0 = Release|Any CPU
		{2E4FE522-ED90-4D42-A474-DEACB8EB20AF}.Debug|Any CPU.ActiveCfg = Debug|Any CPU
		{2E4FE522-ED90-4D42-A474-DEACB8EB20AF}.Debug|Any CPU.Build.0 = Debug|Any CPU
		{2E4FE522-ED90-4D42-A474-DEACB8EB20AF}.Release|Any CPU.ActiveCfg = Release|Any CPU
		{2E4FE522-ED90-4D42-A474-DEACB8EB20AF}.Release|Any CPU.Build.0 = Release|Any CPU
		{6C2CD5FD-338B-472F-86AC-372F7CBDD742}.Debug|Any CPU.ActiveCfg = Debug|Any CPU
		{6C2CD5FD-338B-472F-86AC-372F7CBDD742}.Debug|Any CPU.Build.0 = Debug|Any CPU
		{6C2CD5FD-338B-472F-86AC-372F7CBDD742}.Release|Any CPU.ActiveCfg = Release|Any CPU
		{6C2CD5FD-338B-472F-86AC-372F7CBDD742}.Release|Any CPU.Build.0 = Release|Any CPU
		{EB655EF1-62DC-4BB3-B502-982480342DA7}.Debug|Any CPU.ActiveCfg = Debug|Any CPU
		{EB655EF1-62DC-4BB3-B502-982480342DA7}.Debug|Any CPU.Build.0 = Debug|Any CPU
		{EB655EF1-62DC-4BB3-B502-982480342DA7}.Release|Any CPU.ActiveCfg = Release|Any CPU
		{EB655EF1-62DC-4BB3-B502-982480342DA7}.Release|Any CPU.Build.0 = Release|Any CPU
		{FCDE5926-BBC2-4DDD-8827-54C3A101CD29}.Debug|Any CPU.ActiveCfg = Debug|Any CPU
		{FCDE5926-BBC2-4DDD-8827-54C3A101CD29}.Debug|Any CPU.Build.0 = Debug|Any CPU
		{FCDE5926-BBC2-4DDD-8827-54C3A101CD29}.Release|Any CPU.ActiveCfg = Release|Any CPU
		{FCDE5926-BBC2-4DDD-8827-54C3A101CD29}.Release|Any CPU.Build.0 = Release|Any CPU
		{19F248DE-094B-4DA3-944E-A596294EF827}.Debug|Any CPU.ActiveCfg = Debug|Any CPU
		{19F248DE-094B-4DA3-944E-A596294EF827}.Debug|Any CPU.Build.0 = Debug|Any CPU
		{19F248DE-094B-4DA3-944E-A596294EF827}.Release|Any CPU.ActiveCfg = Release|Any CPU
		{19F248DE-094B-4DA3-944E-A596294EF827}.Release|Any CPU.Build.0 = Release|Any CPU
		{A285F5DA-90AF-41EE-B373-6D63977BC7D7}.Debug|Any CPU.ActiveCfg = Debug|Any CPU
		{A285F5DA-90AF-41EE-B373-6D63977BC7D7}.Debug|Any CPU.Build.0 = Debug|Any CPU
		{A285F5DA-90AF-41EE-B373-6D63977BC7D7}.Release|Any CPU.ActiveCfg = Release|Any CPU
		{A285F5DA-90AF-41EE-B373-6D63977BC7D7}.Release|Any CPU.Build.0 = Release|Any CPU
		{A3ACC73C-70EA-4B5D-A593-240C7F8E42B0}.Debug|Any CPU.ActiveCfg = Debug|Any CPU
		{A3ACC73C-70EA-4B5D-A593-240C7F8E42B0}.Debug|Any CPU.Build.0 = Debug|Any CPU
		{A3ACC73C-70EA-4B5D-A593-240C7F8E42B0}.Release|Any CPU.ActiveCfg = Release|Any CPU
		{A3ACC73C-70EA-4B5D-A593-240C7F8E42B0}.Release|Any CPU.Build.0 = Release|Any CPU
		{3274BDBC-91D7-4166-9454-DE9EF1185EC5}.Debug|Any CPU.ActiveCfg = Debug|Any CPU
		{3274BDBC-91D7-4166-9454-DE9EF1185EC5}.Debug|Any CPU.Build.0 = Debug|Any CPU
		{3274BDBC-91D7-4166-9454-DE9EF1185EC5}.Release|Any CPU.ActiveCfg = Release|Any CPU
		{3274BDBC-91D7-4166-9454-DE9EF1185EC5}.Release|Any CPU.Build.0 = Release|Any CPU
		{7DC997FD-690C-4EBB-BCDA-F11D7E038F50}.Debug|Any CPU.ActiveCfg = Debug|Any CPU
		{7DC997FD-690C-4EBB-BCDA-F11D7E038F50}.Debug|Any CPU.Build.0 = Debug|Any CPU
		{7DC997FD-690C-4EBB-BCDA-F11D7E038F50}.Release|Any CPU.ActiveCfg = Release|Any CPU
		{7DC997FD-690C-4EBB-BCDA-F11D7E038F50}.Release|Any CPU.Build.0 = Release|Any CPU
		{B8C6A603-CDCB-406D-ABF6-4497A90A8AE8}.Debug|Any CPU.ActiveCfg = Debug|Any CPU
		{B8C6A603-CDCB-406D-ABF6-4497A90A8AE8}.Debug|Any CPU.Build.0 = Debug|Any CPU
		{B8C6A603-CDCB-406D-ABF6-4497A90A8AE8}.Release|Any CPU.ActiveCfg = Release|Any CPU
		{B8C6A603-CDCB-406D-ABF6-4497A90A8AE8}.Release|Any CPU.Build.0 = Release|Any CPU
		{051155BA-67ED-4C6B-8D79-5E9D79A3EAB7}.Debug|Any CPU.ActiveCfg = Debug|Any CPU
		{051155BA-67ED-4C6B-8D79-5E9D79A3EAB7}.Debug|Any CPU.Build.0 = Debug|Any CPU
		{051155BA-67ED-4C6B-8D79-5E9D79A3EAB7}.Release|Any CPU.ActiveCfg = Release|Any CPU
		{051155BA-67ED-4C6B-8D79-5E9D79A3EAB7}.Release|Any CPU.Build.0 = Release|Any CPU
		{1C0C9079-A7B7-40DB-AA4E-79466F0A0479}.Debug|Any CPU.ActiveCfg = Debug|Any CPU
		{1C0C9079-A7B7-40DB-AA4E-79466F0A0479}.Debug|Any CPU.Build.0 = Debug|Any CPU
		{1C0C9079-A7B7-40DB-AA4E-79466F0A0479}.Release|Any CPU.ActiveCfg = Release|Any CPU
		{1C0C9079-A7B7-40DB-AA4E-79466F0A0479}.Release|Any CPU.Build.0 = Release|Any CPU
		{8E3E2AB8-139C-4F2E-A8AE-FE16D80D0ECE}.Debug|Any CPU.ActiveCfg = Debug|Any CPU
		{8E3E2AB8-139C-4F2E-A8AE-FE16D80D0ECE}.Debug|Any CPU.Build.0 = Debug|Any CPU
		{8E3E2AB8-139C-4F2E-A8AE-FE16D80D0ECE}.Release|Any CPU.ActiveCfg = Release|Any CPU
		{8E3E2AB8-139C-4F2E-A8AE-FE16D80D0ECE}.Release|Any CPU.Build.0 = Release|Any CPU
		{3B2FE687-AB41-4635-B269-556C10DB8340}.Debug|Any CPU.ActiveCfg = Debug|Any CPU
		{3B2FE687-AB41-4635-B269-556C10DB8340}.Debug|Any CPU.Build.0 = Debug|Any CPU
		{3B2FE687-AB41-4635-B269-556C10DB8340}.Release|Any CPU.ActiveCfg = Release|Any CPU
		{3B2FE687-AB41-4635-B269-556C10DB8340}.Release|Any CPU.Build.0 = Release|Any CPU
		{4FE0C17F-D0C1-478F-93DA-CC2AE5E1F70B}.Debug|Any CPU.ActiveCfg = Debug|Any CPU
		{4FE0C17F-D0C1-478F-93DA-CC2AE5E1F70B}.Debug|Any CPU.Build.0 = Debug|Any CPU
		{4FE0C17F-D0C1-478F-93DA-CC2AE5E1F70B}.Release|Any CPU.ActiveCfg = Release|Any CPU
		{4FE0C17F-D0C1-478F-93DA-CC2AE5E1F70B}.Release|Any CPU.Build.0 = Release|Any CPU
		{1FA6E6D8-3F61-404E-9D52-98D92A0D7770}.Debug|Any CPU.ActiveCfg = Debug|Any CPU
		{1FA6E6D8-3F61-404E-9D52-98D92A0D7770}.Debug|Any CPU.Build.0 = Debug|Any CPU
		{1FA6E6D8-3F61-404E-9D52-98D92A0D7770}.Release|Any CPU.ActiveCfg = Release|Any CPU
		{1FA6E6D8-3F61-404E-9D52-98D92A0D7770}.Release|Any CPU.Build.0 = Release|Any CPU
		{69116310-7BC5-45FE-8F2B-A656683CEB29}.Debug|Any CPU.ActiveCfg = Debug|Any CPU
		{69116310-7BC5-45FE-8F2B-A656683CEB29}.Debug|Any CPU.Build.0 = Debug|Any CPU
		{69116310-7BC5-45FE-8F2B-A656683CEB29}.Release|Any CPU.ActiveCfg = Release|Any CPU
		{69116310-7BC5-45FE-8F2B-A656683CEB29}.Release|Any CPU.Build.0 = Release|Any CPU
		{BC28F4B8-BFC3-4494-8A19-B3E7F098F26D}.Debug|Any CPU.ActiveCfg = Debug|Any CPU
		{BC28F4B8-BFC3-4494-8A19-B3E7F098F26D}.Debug|Any CPU.Build.0 = Debug|Any CPU
		{BC28F4B8-BFC3-4494-8A19-B3E7F098F26D}.Release|Any CPU.ActiveCfg = Release|Any CPU
		{BC28F4B8-BFC3-4494-8A19-B3E7F098F26D}.Release|Any CPU.Build.0 = Release|Any CPU
		{3C32712D-8C65-431B-88A1-B30694AEE0D3}.Debug|Any CPU.ActiveCfg = Debug|Any CPU
		{3C32712D-8C65-431B-88A1-B30694AEE0D3}.Debug|Any CPU.Build.0 = Debug|Any CPU
		{3C32712D-8C65-431B-88A1-B30694AEE0D3}.Release|Any CPU.ActiveCfg = Release|Any CPU
		{3C32712D-8C65-431B-88A1-B30694AEE0D3}.Release|Any CPU.Build.0 = Release|Any CPU
		{BC993216-F743-46D2-B085-16C5BA7A6645}.Debug|Any CPU.ActiveCfg = Debug|Any CPU
		{BC993216-F743-46D2-B085-16C5BA7A6645}.Debug|Any CPU.Build.0 = Debug|Any CPU
		{BC993216-F743-46D2-B085-16C5BA7A6645}.Release|Any CPU.ActiveCfg = Release|Any CPU
		{BC993216-F743-46D2-B085-16C5BA7A6645}.Release|Any CPU.Build.0 = Release|Any CPU
		{25509BFE-8986-4DB5-A50F-BD0947C489AA}.Debug|Any CPU.ActiveCfg = Debug|Any CPU
		{25509BFE-8986-4DB5-A50F-BD0947C489AA}.Debug|Any CPU.Build.0 = Debug|Any CPU
		{25509BFE-8986-4DB5-A50F-BD0947C489AA}.Release|Any CPU.ActiveCfg = Release|Any CPU
		{25509BFE-8986-4DB5-A50F-BD0947C489AA}.Release|Any CPU.Build.0 = Release|Any CPU
		{98D770FC-3B1A-4994-A2A1-7646B8B8C93E}.Debug|Any CPU.ActiveCfg = Debug|Any CPU
		{98D770FC-3B1A-4994-A2A1-7646B8B8C93E}.Debug|Any CPU.Build.0 = Debug|Any CPU
		{98D770FC-3B1A-4994-A2A1-7646B8B8C93E}.Release|Any CPU.ActiveCfg = Release|Any CPU
		{98D770FC-3B1A-4994-A2A1-7646B8B8C93E}.Release|Any CPU.Build.0 = Release|Any CPU
		{F623554A-B4E0-4908-8110-F320EFC73CC3}.Debug|Any CPU.ActiveCfg = Debug|Any CPU
		{F623554A-B4E0-4908-8110-F320EFC73CC3}.Debug|Any CPU.Build.0 = Debug|Any CPU
		{F623554A-B4E0-4908-8110-F320EFC73CC3}.Release|Any CPU.ActiveCfg = Release|Any CPU
		{F623554A-B4E0-4908-8110-F320EFC73CC3}.Release|Any CPU.Build.0 = Release|Any CPU
		{86BE3470-A42D-4F0A-B558-B6EFA6B21D44}.Debug|Any CPU.ActiveCfg = Debug|Any CPU
		{86BE3470-A42D-4F0A-B558-B6EFA6B21D44}.Debug|Any CPU.Build.0 = Debug|Any CPU
		{86BE3470-A42D-4F0A-B558-B6EFA6B21D44}.Release|Any CPU.ActiveCfg = Release|Any CPU
		{86BE3470-A42D-4F0A-B558-B6EFA6B21D44}.Release|Any CPU.Build.0 = Release|Any CPU
	EndGlobalSection
	GlobalSection(SolutionProperties) = preSolution
		HideSolutionNode = FALSE
	EndGlobalSection
	GlobalSection(NestedProjects) = preSolution
		{F5122719-1B4C-4FC4-BE38-915E6CB089E5} = {0DFA08F4-B9AE-407A-BEA1-409C48CF63D8}
		{E9A7DA1E-AEDE-40FE-A354-6D788FF99605} = {0DFA08F4-B9AE-407A-BEA1-409C48CF63D8}
		{F55EB720-7459-4925-B207-F71BD628399C} = {0DFA08F4-B9AE-407A-BEA1-409C48CF63D8}
		{F0598037-8FB1-42C9-A669-8EFE5F06323C} = {0DFA08F4-B9AE-407A-BEA1-409C48CF63D8}
		{B0BE5769-B456-4740-8CA9-5B3A5DC7CA7D} = {0DFA08F4-B9AE-407A-BEA1-409C48CF63D8}
		{C3F43682-CD53-4138-9A78-8E8C51FA0798} = {0DFA08F4-B9AE-407A-BEA1-409C48CF63D8}
		{41450EA8-6F0A-4756-8912-49BF2B2D78F9} = {9CE8031E-DA0A-4F1B-A8B0-BCEDFD8E9186}
		{9F84D040-44E6-4DC7-A9FD-5D6C0662BECA} = {9CE8031E-DA0A-4F1B-A8B0-BCEDFD8E9186}
		{58ED3E78-6911-4BD6-8739-42AAF5E69E64} = {9CE8031E-DA0A-4F1B-A8B0-BCEDFD8E9186}
		{05139FD1-589F-4ED2-8473-28C255B49C10} = {9CE8031E-DA0A-4F1B-A8B0-BCEDFD8E9186}
		{794B4CCC-1E95-4297-81ED-98A1B9EB8C76} = {9CE8031E-DA0A-4F1B-A8B0-BCEDFD8E9186}
		{E7194236-CBC0-4CC7-B6D2-A0478597E9FF} = {9CE8031E-DA0A-4F1B-A8B0-BCEDFD8E9186}
		{1C555FD3-E761-4DEE-9C71-86D3FC75125F} = {9CE8031E-DA0A-4F1B-A8B0-BCEDFD8E9186}
		{5392CED6-6980-468B-BEE4-3B3D1B185EB9} = {9CE8031E-DA0A-4F1B-A8B0-BCEDFD8E9186}
		{2E4FE522-ED90-4D42-A474-DEACB8EB20AF} = {9CE8031E-DA0A-4F1B-A8B0-BCEDFD8E9186}
		{6C2CD5FD-338B-472F-86AC-372F7CBDD742} = {EE9FD519-EBB8-4641-9822-728428A0E46D}
		{EB655EF1-62DC-4BB3-B502-982480342DA7} = {EE9FD519-EBB8-4641-9822-728428A0E46D}
		{FCDE5926-BBC2-4DDD-8827-54C3A101CD29} = {EE9FD519-EBB8-4641-9822-728428A0E46D}
		{19F248DE-094B-4DA3-944E-A596294EF827} = {EE9FD519-EBB8-4641-9822-728428A0E46D}
		{A285F5DA-90AF-41EE-B373-6D63977BC7D7} = {EE9FD519-EBB8-4641-9822-728428A0E46D}
		{A3ACC73C-70EA-4B5D-A593-240C7F8E42B0} = {EE9FD519-EBB8-4641-9822-728428A0E46D}
		{3274BDBC-91D7-4166-9454-DE9EF1185EC5} = {429FC159-56E4-4222-AF04-62E8FA02F623}
		{7DC997FD-690C-4EBB-BCDA-F11D7E038F50} = {429FC159-56E4-4222-AF04-62E8FA02F623}
		{B8C6A603-CDCB-406D-ABF6-4497A90A8AE8} = {EE9FD519-EBB8-4641-9822-728428A0E46D}
		{051155BA-67ED-4C6B-8D79-5E9D79A3EAB7} = {EE9FD519-EBB8-4641-9822-728428A0E46D}
		{1C0C9079-A7B7-40DB-AA4E-79466F0A0479} = {467B2678-2BF8-4148-898A-973860F42B49}
		{8E3E2AB8-139C-4F2E-A8AE-FE16D80D0ECE} = {467B2678-2BF8-4148-898A-973860F42B49}
		{3B2FE687-AB41-4635-B269-556C10DB8340} = {467B2678-2BF8-4148-898A-973860F42B49}
		{4FE0C17F-D0C1-478F-93DA-CC2AE5E1F70B} = {467B2678-2BF8-4148-898A-973860F42B49}
		{1FA6E6D8-3F61-404E-9D52-98D92A0D7770} = {467B2678-2BF8-4148-898A-973860F42B49}
		{69116310-7BC5-45FE-8F2B-A656683CEB29} = {467B2678-2BF8-4148-898A-973860F42B49}
		{BC28F4B8-BFC3-4494-8A19-B3E7F098F26D} = {467B2678-2BF8-4148-898A-973860F42B49}
		{3C32712D-8C65-431B-88A1-B30694AEE0D3} = {429FC159-56E4-4222-AF04-62E8FA02F623}
		{BC993216-F743-46D2-B085-16C5BA7A6645} = {42A71C7B-B704-4908-9D81-AFF06C7542D0}
		{25509BFE-8986-4DB5-A50F-BD0947C489AA} = {42A71C7B-B704-4908-9D81-AFF06C7542D0}
		{98D770FC-3B1A-4994-A2A1-7646B8B8C93E} = {429FC159-56E4-4222-AF04-62E8FA02F623}
		{F623554A-B4E0-4908-8110-F320EFC73CC3} = {88EE35FC-C355-4DC1-BDC2-17F5E1F17D39}
		{86BE3470-A42D-4F0A-B558-B6EFA6B21D44} = {467B2678-2BF8-4148-898A-973860F42B49}
	EndGlobalSection
	GlobalSection(ExtensibilityGlobals) = postSolution
		SolutionGuid = {EEF50E80-9DD9-492F-9F34-CF8AE3741E30}
	EndGlobalSection
EndGlobal
